
Microsoft Visual Studio Solution File, Format Version 12.00
# Visual Studio Version 17
VisualStudioVersion = 17.6.33815.320
MinimumVisualStudioVersion = 10.0.40219.1
Project("{FAE04EC0-301F-11D3-BF4B-00C04F79EFBC}") = "FILEsApp", "FILEsApp.csproj", "{6149CE58-DCA1-424B-9155-BFC20C3A7F43}"
EndProject
Global
	GlobalSection(SolutionConfigurationPlatforms) = preSolution
		Debug|Any CPU = Debug|Any CPU
		Release|Any CPU = Release|Any CPU
	EndGlobalSection
	GlobalSection(ProjectConfigurationPlatforms) = postSolution
		{6149CE58-DCA1-424B-9155-BFC20C3A7F43}.Debug|Any CPU.ActiveCfg = Debug|Any CPU
		{6149CE58-DCA1-424B-9155-BFC20C3A7F43}.Debug|Any CPU.Build.0 = Debug|Any CPU
		{6149CE58-DCA1-424B-9155-BFC20C3A7F43}.Release|Any CPU.ActiveCfg = Release|Any CPU
		{6149CE58-DCA1-424B-9155-BFC20C3A7F43}.Release|Any CPU.Build.0 = Release|Any CPU
	EndGlobalSection
	GlobalSection(SolutionProperties) = preSolution
		HideSolutionNode = FALSE
	EndGlobalSection
	GlobalSection(ExtensibilityGlobals) = postSolution
		SolutionGuid = {A90B89AF-2836-417E-BDF3-EDF119D83205}
	EndGlobalSection
EndGlobal
