
Microsoft Visual Studio Solution File, Format Version 12.00
# Visual Studio 15
VisualStudioVersion = 15.0.28307.1622
MinimumVisualStudioVersion = 10.0.40219.1
Project("{9A19103F-16F7-4668-BE54-9A1E7A4F7556}") = "crudApplication", "crudApplication\crudApplication.csproj", "{12F71D98-BB50-456B-A2D4-6C933C3AE4EE}"
EndProject
Global
	GlobalSection(SolutionConfigurationPlatforms) = preSolution
		Debug|Any CPU = Debug|Any CPU
		Release|Any CPU = Release|Any CPU
	EndGlobalSection
	GlobalSection(ProjectConfigurationPlatforms) = postSolution
		{12F71D98-BB50-456B-A2D4-6C933C3AE4EE}.Debug|Any CPU.ActiveCfg = Debug|Any CPU
		{12F71D98-BB50-456B-A2D4-6C933C3AE4EE}.Debug|Any CPU.Build.0 = Debug|Any CPU
		{12F71D98-BB50-456B-A2D4-6C933C3AE4EE}.Release|Any CPU.ActiveCfg = Release|Any CPU
		{12F71D98-BB50-456B-A2D4-6C933C3AE4EE}.Release|Any CPU.Build.0 = Release|Any CPU
	EndGlobalSection
	GlobalSection(SolutionProperties) = preSolution
		HideSolutionNode = FALSE
	EndGlobalSection
	GlobalSection(ExtensibilityGlobals) = postSolution
		SolutionGuid = {AB1C213E-8AFC-4BA4-AF82-D3A554DBA094}
	EndGlobalSection
EndGlobal
